{
  "nodes": {
    "flake-utils": {
      "inputs": {
        "systems": "systems"
      },
      "locked": {
        "lastModified": 1731533236,
        "narHash": "sha256-l0KFg5HjrsfsO/JpG+r7fRrqm12kzFHyUHqHCVpMMbI=",
        "owner": "numtide",
        "repo": "flake-utils",
        "rev": "11707dc2f618dd54ca8739b309ec4fc024de578b",
        "type": "github"
      },
      "original": {
        "owner": "numtide",
        "repo": "flake-utils",
        "type": "github"
      }
    },
    "flake-utils_2": {
      "inputs": {
        "systems": "systems_2"
      },
      "locked": {
        "lastModified": 1731533236,
        "narHash": "sha256-l0KFg5HjrsfsO/JpG+r7fRrqm12kzFHyUHqHCVpMMbI=",
        "owner": "numtide",
        "repo": "flake-utils",
        "rev": "11707dc2f618dd54ca8739b309ec4fc024de578b",
        "type": "github"
      },
      "original": {
        "owner": "numtide",
        "repo": "flake-utils",
        "type": "github"
      }
    },
    "libopencm3": {
      "inputs": {
        "libopencm3": "libopencm3_2",
        "nixpkgs": "nixpkgs"
      },
      "locked": {
        "lastModified": 1704217862,
        "narHash": "sha256-Ov+kRAEtpv2bGH4pj4O0cWl20tpCZEYeAucQeHS3fho=",
        "owner": "zwizwa",
        "repo": "libopencm3-flake",
        "rev": "1855a7d0315f3e4843f03e1a3e40a6c9c4690a77",
        "type": "github"
      },
      "original": {
        "owner": "zwizwa",
        "repo": "libopencm3-flake",
        "type": "github"
      }
    },
    "libopencm3_2": {
      "flake": false,
      "locked": {
        "lastModified": 1562427529,
        "narHash": "sha256-kTwHABaDAXO57pFlPK33erJZUPUV6aUy4XHhFCxTUOw=",
        "owner": "zwizwa",
        "repo": "libopencm3",
        "rev": "3eff201a4bb3759a9c967a6f5e3fd0aad46dc5af",
        "type": "github"
      },
      "original": {
        "owner": "zwizwa",
        "repo": "libopencm3",
        "rev": "3eff201a4bb3759a9c967a6f5e3fd0aad46dc5af",
        "type": "github"
      }
    },
    "nixpkgs": {
      "locked": {
        "lastModified": 1637848014,
        "narHash": "sha256-AeeGWjRMyuinBM0uK2c4jvqDNObCsDOpe3D7Cex+Goc=",
        "owner": "zwizwa",
        "repo": "nixpkgs",
        "rev": "1e0f0b95471f56e56b2b57541ac639ff6209cc4f",
        "type": "github"
      },
      "original": {
        "owner": "zwizwa",
        "repo": "nixpkgs",
        "type": "github"
      }
    },
    "nixpkgs_2": {
      "locked": {
        "lastModified": 1731797254,
        "narHash": "sha256-df3dJApLPhd11AlueuoN0Q4fHo/hagP75LlM5K1sz9g=",
        "owner": "NixOS",
        "repo": "nixpkgs",
        "rev": "e8c38b73aeb218e27163376a2d617e61a2ad9b59",
        "type": "github"
      },
      "original": {
        "owner": "NixOS",
        "repo": "nixpkgs",
        "rev": "e8c38b73aeb218e27163376a2d617e61a2ad9b59",
        "type": "github"
      }
    },
    "nixpkgs_3": {
      "locked": {
        "lastModified": 1731797254,
        "narHash": "sha256-df3dJApLPhd11AlueuoN0Q4fHo/hagP75LlM5K1sz9g=",
        "owner": "NixOS",
        "repo": "nixpkgs",
        "rev": "e8c38b73aeb218e27163376a2d617e61a2ad9b59",
        "type": "github"
      },
      "original": {
        "owner": "NixOS",
        "repo": "nixpkgs",
        "rev": "e8c38b73aeb218e27163376a2d617e61a2ad9b59",
        "type": "github"
      }
    },
    "root": {
      "inputs": {
        "flake-utils": "flake-utils",
        "libopencm3": "libopencm3",
        "nixpkgs": "nixpkgs_2",
        "rs_tools": "rs_tools",
        "rust-overlay": "rust-overlay_2",
        "uc_tools": "uc_tools"
      }
    },
    "rs_tools": {
      "inputs": {
        "flake-utils": "flake-utils_2",
        "nixpkgs": "nixpkgs_3",
        "rust-overlay": "rust-overlay"
      },
      "locked": {
        "dirtyRev": "6bd52f13be20e5fe8b7a5519bbb3d30cb9060f99-dirty",
        "dirtyShortRev": "6bd52f1-dirty",
        "lastModified": 1731935581,
        "narHash": "sha256-aeBUwhWCgsPIsvGMdb455DTTqbJM9myA4JRzD/w17ws=",
        "type": "git",
        "url": "file:///mimas/home/tom/exo/deps/rs_tools"
      },
      "original": {
        "type": "git",
        "url": "file:///mimas/home/tom/exo/deps/rs_tools"
      }
    },
    "rust-overlay": {
      "inputs": {
        "nixpkgs": [
          "rs_tools",
          "nixpkgs"
        ]
      },
      "locked": {
        "lastModified": 1731820690,
        "narHash": "sha256-/hHFMTD+FGURXZ4JtfXoIgpy87zL505pVi6AL76Wc+U=",
        "owner": "oxalica",
        "repo": "rust-overlay",
        "rev": "bbab2ab9e1932133b1996baa1dc00fefe924ca81",
        "type": "github"
      },
      "original": {
        "owner": "oxalica",
        "repo": "rust-overlay",
        "type": "github"
      }
    },
    "rust-overlay_2": {
      "inputs": {
        "nixpkgs": [
          "nixpkgs"
        ]
      },
      "locked": {
        "lastModified": 1731897198,
        "narHash": "sha256-Ou7vLETSKwmE/HRQz4cImXXJBr/k9gp4J4z/PF8LzTE=",
        "owner": "oxalica",
        "repo": "rust-overlay",
        "rev": "0be641045af6d8666c11c2c40e45ffc9667839b5",
        "type": "github"
      },
      "original": {
        "owner": "oxalica",
        "repo": "rust-overlay",
        "type": "github"
      }
    },
    "systems": {
      "locked": {
        "lastModified": 1681028828,
        "narHash": "sha256-Vy1rq5AaRuLzOxct8nz4T6wlgyUR7zLU309k9mBC768=",
        "owner": "nix-systems",
        "repo": "default",
        "rev": "da67096a3b9bf56a91d16901293e51ba5b49a27e",
        "type": "github"
      },
      "original": {
        "owner": "nix-systems",
        "repo": "default",
        "type": "github"
      }
    },
    "systems_2": {
      "locked": {
        "lastModified": 1681028828,
        "narHash": "sha256-Vy1rq5AaRuLzOxct8nz4T6wlgyUR7zLU309k9mBC768=",
        "owner": "nix-systems",
        "repo": "default",
        "rev": "da67096a3b9bf56a91d16901293e51ba5b49a27e",
        "type": "github"
      },
      "original": {
        "owner": "nix-systems",
        "repo": "default",
        "type": "github"
      }
    },
    "uc_tools": {
      "flake": false,
      "locked": {
        "lastModified": 1732105862,
        "narHash": "sha256-Ec5kXZpGlx3S8IV0lBTa8xXskiUIMIcJUHUUYOSwdS0=",
        "owner": "zwizwa",
        "repo": "uc_tools",
        "rev": "28aa0f05a4f159321e9570a977a2d5fecbab3706",
        "type": "github"
      },
      "original": {
        "owner": "zwizwa",
        "repo": "uc_tools",
        "rev": "28aa0f05a4f159321e9570a977a2d5fecbab3706",
        "type": "github"
      }
    }
  },
  "root": "root",
  "version": 7
}
